
Microsoft Visual Studio Solution File, Format Version 12.00
# Visual Studio Version 17
VisualStudioVersion = 17.0.31903.59
MinimumVisualStudioVersion = 10.0.40219.1
Project("{2150E333-8FDC-42A3-9474-1A3956D46DE8}") = "Core", "Core", "{FBF56CC3-7AE6-AD2D-3F14-7F97FD322CD6}"
EndProject
Project("{FAE04EC0-301F-11D3-BF4B-00C04F79EFBC}") = "Narratum.Core", "Core\Narratum.Core.csproj", "{FEBCC02B-6C0B-4F96-BF54-BCC7F44F9F0D}"
EndProject
Project("{2150E333-8FDC-42A3-9474-1A3956D46DE8}") = "Domain", "Domain", "{996CEBED-A05B-5D42-3FF0-982E087A2599}"
EndProject
Project("{FAE04EC0-301F-11D3-BF4B-00C04F79EFBC}") = "Narratum.Domain", "Domain\Narratum.Domain.csproj", "{24DA5405-5F06-4790-AAA2-8639DD102777}"
EndProject
Project("{2150E333-8FDC-42A3-9474-1A3956D46DE8}") = "State", "State", "{4886F8F7-7CDF-CB2A-F4D2-6F124659D923}"
EndProject
Project("{FAE04EC0-301F-11D3-BF4B-00C04F79EFBC}") = "Narratum.State", "State\Narratum.State.csproj", "{13A11E35-F0FD-411F-9241-E595C6EFAA2F}"
EndProject
Project("{2150E333-8FDC-42A3-9474-1A3956D46DE8}") = "Rules", "Rules", "{8966EFF1-A2EF-89BB-168D-3BE157AAD68F}"
EndProject
Project("{FAE04EC0-301F-11D3-BF4B-00C04F79EFBC}") = "Narratum.Rules", "Rules\Narratum.Rules.csproj", "{C008F5F9-39C7-4E4A-9002-7DBFD1993F11}"
EndProject
Project("{2150E333-8FDC-42A3-9474-1A3956D46DE8}") = "Simulation", "Simulation", "{36E7FC26-247D-07CC-9F36-7068B8A9EA44}"
EndProject
Project("{FAE04EC0-301F-11D3-BF4B-00C04F79EFBC}") = "Narratum.Simulation", "Simulation\Narratum.Simulation.csproj", "{2F7EEE3E-502C-4C64-BA4F-FF96742AE2B5}"
EndProject
Project("{2150E333-8FDC-42A3-9474-1A3956D46DE8}") = "Persistence", "Persistence", "{31D0B0DA-3F70-8AAB-D4B2-B98572D1139C}"
EndProject
Project("{FAE04EC0-301F-11D3-BF4B-00C04F79EFBC}") = "Narratum.Persistence", "Persistence\Narratum.Persistence.csproj", "{09307982-B2E4-4F04-AFE6-E2BF79442A0D}"
EndProject
Project("{2150E333-8FDC-42A3-9474-1A3956D46DE8}") = "Tests", "Tests", "{0AB3BF05-4346-4AA6-1389-037BE0695223}"
EndProject
Project("{FAE04EC0-301F-11D3-BF4B-00C04F79EFBC}") = "Narratum.Tests", "Tests\Narratum.Tests.csproj", "{9423ED15-17FF-4928-8129-1C2E4D9F2C98}"
EndProject
Global
	GlobalSection(SolutionConfigurationPlatforms) = preSolution
		Debug|Any CPU = Debug|Any CPU
		Debug|x64 = Debug|x64
		Debug|x86 = Debug|x86
		Release|Any CPU = Release|Any CPU
		Release|x64 = Release|x64
		Release|x86 = Release|x86
	EndGlobalSection
	GlobalSection(ProjectConfigurationPlatforms) = postSolution
		{FEBCC02B-6C0B-4F96-BF54-BCC7F44F9F0D}.Debug|Any CPU.ActiveCfg = Debug|Any CPU
		{FEBCC02B-6C0B-4F96-BF54-BCC7F44F9F0D}.Debug|Any CPU.Build.0 = Debug|Any CPU
		{FEBCC02B-6C0B-4F96-BF54-BCC7F44F9F0D}.Debug|x64.ActiveCfg = Debug|Any CPU
		{FEBCC02B-6C0B-4F96-BF54-BCC7F44F9F0D}.Debug|x64.Build.0 = Debug|Any CPU
		{FEBCC02B-6C0B-4F96-BF54-BCC7F44F9F0D}.Debug|x86.ActiveCfg = Debug|Any CPU
		{FEBCC02B-6C0B-4F96-BF54-BCC7F44F9F0D}.Debug|x86.Build.0 = Debug|Any CPU
		{FEBCC02B-6C0B-4F96-BF54-BCC7F44F9F0D}.Release|Any CPU.ActiveCfg = Release|Any CPU
		{FEBCC02B-6C0B-4F96-BF54-BCC7F44F9F0D}.Release|Any CPU.Build.0 = Release|Any CPU
		{FEBCC02B-6C0B-4F96-BF54-BCC7F44F9F0D}.Release|x64.ActiveCfg = Release|Any CPU
		{FEBCC02B-6C0B-4F96-BF54-BCC7F44F9F0D}.Release|x64.Build.0 = Release|Any CPU
		{FEBCC02B-6C0B-4F96-BF54-BCC7F44F9F0D}.Release|x86.ActiveCfg = Release|Any CPU
		{FEBCC02B-6C0B-4F96-BF54-BCC7F44F9F0D}.Release|x86.Build.0 = Release|Any CPU
		{24DA5405-5F06-4790-AAA2-8639DD102777}.Debug|Any CPU.ActiveCfg = Debug|Any CPU
		{24DA5405-5F06-4790-AAA2-8639DD102777}.Debug|Any CPU.Build.0 = Debug|Any CPU
		{24DA5405-5F06-4790-AAA2-8639DD102777}.Debug|x64.ActiveCfg = Debug|Any CPU
		{24DA5405-5F06-4790-AAA2-8639DD102777}.Debug|x64.Build.0 = Debug|Any CPU
		{24DA5405-5F06-4790-AAA2-8639DD102777}.Debug|x86.ActiveCfg = Debug|Any CPU
		{24DA5405-5F06-4790-AAA2-8639DD102777}.Debug|x86.Build.0 = Debug|Any CPU
		{24DA5405-5F06-4790-AAA2-8639DD102777}.Release|Any CPU.ActiveCfg = Release|Any CPU
		{24DA5405-5F06-4790-AAA2-8639DD102777}.Release|Any CPU.Build.0 = Release|Any CPU
		{24DA5405-5F06-4790-AAA2-8639DD102777}.Release|x64.ActiveCfg = Release|Any CPU
		{24DA5405-5F06-4790-AAA2-8639DD102777}.Release|x64.Build.0 = Release|Any CPU
		{24DA5405-5F06-4790-AAA2-8639DD102777}.Release|x86.ActiveCfg = Release|Any CPU
		{24DA5405-5F06-4790-AAA2-8639DD102777}.Release|x86.Build.0 = Release|Any CPU
		{13A11E35-F0FD-411F-9241-E595C6EFAA2F}.Debug|Any CPU.ActiveCfg = Debug|Any CPU
		{13A11E35-F0FD-411F-9241-E595C6EFAA2F}.Debug|Any CPU.Build.0 = Debug|Any CPU
		{13A11E35-F0FD-411F-9241-E595C6EFAA2F}.Debug|x64.ActiveCfg = Debug|Any CPU
		{13A11E35-F0FD-411F-9241-E595C6EFAA2F}.Debug|x64.Build.0 = Debug|Any CPU
		{13A11E35-F0FD-411F-9241-E595C6EFAA2F}.Debug|x86.ActiveCfg = Debug|Any CPU
		{13A11E35-F0FD-411F-9241-E595C6EFAA2F}.Debug|x86.Build.0 = Debug|Any CPU
		{13A11E35-F0FD-411F-9241-E595C6EFAA2F}.Release|Any CPU.ActiveCfg = Release|Any CPU
		{13A11E35-F0FD-411F-9241-E595C6EFAA2F}.Release|Any CPU.Build.0 = Release|Any CPU
		{13A11E35-F0FD-411F-9241-E595C6EFAA2F}.Release|x64.ActiveCfg = Release|Any CPU
		{13A11E35-F0FD-411F-9241-E595C6EFAA2F}.Release|x64.Build.0 = Release|Any CPU
		{13A11E35-F0FD-411F-9241-E595C6EFAA2F}.Release|x86.ActiveCfg = Release|Any CPU
		{13A11E35-F0FD-411F-9241-E595C6EFAA2F}.Release|x86.Build.0 = Release|Any CPU
		{C008F5F9-39C7-4E4A-9002-7DBFD1993F11}.Debug|Any CPU.ActiveCfg = Debug|Any CPU
		{C008F5F9-39C7-4E4A-9002-7DBFD1993F11}.Debug|Any CPU.Build.0 = Debug|Any CPU
		{C008F5F9-39C7-4E4A-9002-7DBFD1993F11}.Debug|x64.ActiveCfg = Debug|Any CPU
		{C008F5F9-39C7-4E4A-9002-7DBFD1993F11}.Debug|x64.Build.0 = Debug|Any CPU
		{C008F5F9-39C7-4E4A-9002-7DBFD1993F11}.Debug|x86.ActiveCfg = Debug|Any CPU
		{C008F5F9-39C7-4E4A-9002-7DBFD1993F11}.Debug|x86.Build.0 = Debug|Any CPU
		{C008F5F9-39C7-4E4A-9002-7DBFD1993F11}.Release|Any CPU.ActiveCfg = Release|Any CPU
		{C008F5F9-39C7-4E4A-9002-7DBFD1993F11}.Release|Any CPU.Build.0 = Release|Any CPU
		{C008F5F9-39C7-4E4A-9002-7DBFD1993F11}.Release|x64.ActiveCfg = Release|Any CPU
		{C008F5F9-39C7-4E4A-9002-7DBFD1993F11}.Release|x64.Build.0 = Release|Any CPU
		{C008F5F9-39C7-4E4A-9002-7DBFD1993F11}.Release|x86.ActiveCfg = Release|Any CPU
		{C008F5F9-39C7-4E4A-9002-7DBFD1993F11}.Release|x86.Build.0 = Release|Any CPU
		{2F7EEE3E-502C-4C64-BA4F-FF96742AE2B5}.Debug|Any CPU.ActiveCfg = Debug|Any CPU
		{2F7EEE3E-502C-4C64-BA4F-FF96742AE2B5}.Debug|Any CPU.Build.0 = Debug|Any CPU
		{2F7EEE3E-502C-4C64-BA4F-FF96742AE2B5}.Debug|x64.ActiveCfg = Debug|Any CPU
		{2F7EEE3E-502C-4C64-BA4F-FF96742AE2B5}.Debug|x64.Build.0 = Debug|Any CPU
		{2F7EEE3E-502C-4C64-BA4F-FF96742AE2B5}.Debug|x86.ActiveCfg = Debug|Any CPU
		{2F7EEE3E-502C-4C64-BA4F-FF96742AE2B5}.Debug|x86.Build.0 = Debug|Any CPU
		{2F7EEE3E-502C-4C64-BA4F-FF96742AE2B5}.Release|Any CPU.ActiveCfg = Release|Any CPU
		{2F7EEE3E-502C-4C64-BA4F-FF96742AE2B5}.Release|Any CPU.Build.0 = Release|Any CPU
		{2F7EEE3E-502C-4C64-BA4F-FF96742AE2B5}.Release|x64.ActiveCfg = Release|Any CPU
		{2F7EEE3E-502C-4C64-BA4F-FF96742AE2B5}.Release|x64.Build.0 = Release|Any CPU
		{2F7EEE3E-502C-4C64-BA4F-FF96742AE2B5}.Release|x86.ActiveCfg = Release|Any CPU
		{2F7EEE3E-502C-4C64-BA4F-FF96742AE2B5}.Release|x86.Build.0 = Release|Any CPU
		{09307982-B2E4-4F04-AFE6-E2BF79442A0D}.Debug|Any CPU.ActiveCfg = Debug|Any CPU
		{09307982-B2E4-4F04-AFE6-E2BF79442A0D}.Debug|Any CPU.Build.0 = Debug|Any CPU
		{09307982-B2E4-4F04-AFE6-E2BF79442A0D}.Debug|x64.ActiveCfg = Debug|Any CPU
		{09307982-B2E4-4F04-AFE6-E2BF79442A0D}.Debug|x64.Build.0 = Debug|Any CPU
		{09307982-B2E4-4F04-AFE6-E2BF79442A0D}.Debug|x86.ActiveCfg = Debug|Any CPU
		{09307982-B2E4-4F04-AFE6-E2BF79442A0D}.Debug|x86.Build.0 = Debug|Any CPU
		{09307982-B2E4-4F04-AFE6-E2BF79442A0D}.Release|Any CPU.ActiveCfg = Release|Any CPU
		{09307982-B2E4-4F04-AFE6-E2BF79442A0D}.Release|Any CPU.Build.0 = Release|Any CPU
		{09307982-B2E4-4F04-AFE6-E2BF79442A0D}.Release|x64.ActiveCfg = Release|Any CPU
		{09307982-B2E4-4F04-AFE6-E2BF79442A0D}.Release|x64.Build.0 = Release|Any CPU
		{09307982-B2E4-4F04-AFE6-E2BF79442A0D}.Release|x86.ActiveCfg = Release|Any CPU
		{09307982-B2E4-4F04-AFE6-E2BF79442A0D}.Release|x86.Build.0 = Release|Any CPU
		{9423ED15-17FF-4928-8129-1C2E4D9F2C98}.Debug|Any CPU.ActiveCfg = Debug|Any CPU
		{9423ED15-17FF-4928-8129-1C2E4D9F2C98}.Debug|Any CPU.Build.0 = Debug|Any CPU
		{9423ED15-17FF-4928-8129-1C2E4D9F2C98}.Debug|x64.ActiveCfg = Debug|Any CPU
		{9423ED15-17FF-4928-8129-1C2E4D9F2C98}.Debug|x64.Build.0 = Debug|Any CPU
		{9423ED15-17FF-4928-8129-1C2E4D9F2C98}.Debug|x86.ActiveCfg = Debug|Any CPU
		{9423ED15-17FF-4928-8129-1C2E4D9F2C98}.Debug|x86.Build.0 = Debug|Any CPU
		{9423ED15-17FF-4928-8129-1C2E4D9F2C98}.Release|Any CPU.ActiveCfg = Release|Any CPU
		{9423ED15-17FF-4928-8129-1C2E4D9F2C98}.Release|Any CPU.Build.0 = Release|Any CPU
		{9423ED15-17FF-4928-8129-1C2E4D9F2C98}.Release|x64.ActiveCfg = Release|Any CPU
		{9423ED15-17FF-4928-8129-1C2E4D9F2C98}.Release|x64.Build.0 = Release|Any CPU
		{9423ED15-17FF-4928-8129-1C2E4D9F2C98}.Release|x86.ActiveCfg = Release|Any CPU
		{9423ED15-17FF-4928-8129-1C2E4D9F2C98}.Release|x86.Build.0 = Release|Any CPU
	EndGlobalSection
	GlobalSection(SolutionProperties) = preSolution
		HideSolutionNode = FALSE
	EndGlobalSection
	GlobalSection(NestedProjects) = preSolution
		{FEBCC02B-6C0B-4F96-BF54-BCC7F44F9F0D} = {FBF56CC3-7AE6-AD2D-3F14-7F97FD322CD6}
		{24DA5405-5F06-4790-AAA2-8639DD102777} = {996CEBED-A05B-5D42-3FF0-982E087A2599}
		{13A11E35-F0FD-411F-9241-E595C6EFAA2F} = {4886F8F7-7CDF-CB2A-F4D2-6F124659D923}
		{C008F5F9-39C7-4E4A-9002-7DBFD1993F11} = {8966EFF1-A2EF-89BB-168D-3BE157AAD68F}
		{2F7EEE3E-502C-4C64-BA4F-FF96742AE2B5} = {36E7FC26-247D-07CC-9F36-7068B8A9EA44}
		{09307982-B2E4-4F04-AFE6-E2BF79442A0D} = {31D0B0DA-3F70-8AAB-D4B2-B98572D1139C}
		{9423ED15-17FF-4928-8129-1C2E4D9F2C98} = {0AB3BF05-4346-4AA6-1389-037BE0695223}
	EndGlobalSection
EndGlobal
