
Microsoft Visual Studio Solution File, Format Version 12.00
# Visual Studio Version 17
VisualStudioVersion = 17.0.31903.59
MinimumVisualStudioVersion = 10.0.40219.1
Project("{2150E333-8FDC-42A3-9474-1A3956D46DE8}") = "Core", "Core", "{FBF56CC3-7AE6-AD2D-3F14-7F97FD322CD6}"
EndProject
Project("{FAE04EC0-301F-11D3-BF4B-00C04F79EFBC}") = "Narratum.Core", "Core\Narratum.Core.csproj", "{FEBCC02B-6C0B-4F96-BF54-BCC7F44F9F0D}"
EndProject
Project("{2150E333-8FDC-42A3-9474-1A3956D46DE8}") = "Domain", "Domain", "{996CEBED-A05B-5D42-3FF0-982E087A2599}"
EndProject
Project("{FAE04EC0-301F-11D3-BF4B-00C04F79EFBC}") = "Narratum.Domain", "Domain\Narratum.Domain.csproj", "{24DA5405-5F06-4790-AAA2-8639DD102777}"
EndProject
Project("{2150E333-8FDC-42A3-9474-1A3956D46DE8}") = "State", "State", "{4886F8F7-7CDF-CB2A-F4D2-6F124659D923}"
EndProject
Project("{FAE04EC0-301F-11D3-BF4B-00C04F79EFBC}") = "Narratum.State", "State\Narratum.State.csproj", "{13A11E35-F0FD-411F-9241-E595C6EFAA2F}"
EndProject
Project("{2150E333-8FDC-42A3-9474-1A3956D46DE8}") = "Rules", "Rules", "{8966EFF1-A2EF-89BB-168D-3BE157AAD68F}"
EndProject
Project("{FAE04EC0-301F-11D3-BF4B-00C04F79EFBC}") = "Narratum.Rules", "Rules\Narratum.Rules.csproj", "{C008F5F9-39C7-4E4A-9002-7DBFD1993F11}"
EndProject
Project("{2150E333-8FDC-42A3-9474-1A3956D46DE8}") = "Simulation", "Simulation", "{36E7FC26-247D-07CC-9F36-7068B8A9EA44}"
EndProject
Project("{FAE04EC0-301F-11D3-BF4B-00C04F79EFBC}") = "Narratum.Simulation", "Simulation\Narratum.Simulation.csproj", "{2F7EEE3E-502C-4C64-BA4F-FF96742AE2B5}"
EndProject
Project("{2150E333-8FDC-42A3-9474-1A3956D46DE8}") = "Persistence", "Persistence", "{31D0B0DA-3F70-8AAB-D4B2-B98572D1139C}"
EndProject
Project("{FAE04EC0-301F-11D3-BF4B-00C04F79EFBC}") = "Narratum.Persistence", "Persistence\Narratum.Persistence.csproj", "{09307982-B2E4-4F04-AFE6-E2BF79442A0D}"
EndProject
Project("{2150E333-8FDC-42A3-9474-1A3956D46DE8}") = "Tests", "Tests", "{0AB3BF05-4346-4AA6-1389-037BE0695223}"
EndProject
Project("{FAE04EC0-301F-11D3-BF4B-00C04F79EFBC}") = "Narratum.Tests", "Tests\Narratum.Tests.csproj", "{9423ED15-17FF-4928-8129-1C2E4D9F2C98}"
EndProject
Project("{2150E333-8FDC-42A3-9474-1A3956D46DE8}") = "Orchestration", "Orchestration", "{6769D8A8-7DDF-9F1A-6194-7060CBC2FEA6}"
EndProject
Project("{FAE04EC0-301F-11D3-BF4B-00C04F79EFBC}") = "Narratum.Orchestration", "Orchestration\Narratum.Orchestration.csproj", "{A39BF6FD-01DE-48BD-A81C-A5DA9D3917E5}"
EndProject
Project("{2150E333-8FDC-42A3-9474-1A3956D46DE8}") = "Memory", "Memory", "{92C4EF00-8FDD-7B42-E83A-F71F31DB99BA}"
EndProject
Project("{FAE04EC0-301F-11D3-BF4B-00C04F79EFBC}") = "Narratum.Memory", "Memory\Narratum.Memory.csproj", "{31129A12-4212-446C-BD77-9B7963B39FC4}"
EndProject
Project("{2150E333-8FDC-42A3-9474-1A3956D46DE8}") = "Orchestration.Tests", "Orchestration.Tests", "{0A36F2B0-F7C1-00C5-574F-C583FCFFE7D0}"
EndProject
Project("{FAE04EC0-301F-11D3-BF4B-00C04F79EFBC}") = "Narratum.Orchestration.Tests", "Orchestration.Tests\Narratum.Orchestration.Tests.csproj", "{FC1596D9-745B-4C8D-953D-58850AF1A553}"
EndProject
Project("{FAE04EC0-301F-11D3-BF4B-00C04F79EFBC}") = "Memory.Tests", "Memory.Tests\Memory.Tests.csproj", "{3671AAB0-B010-4705-B70D-1AE6B839D641}"
EndProject
Project("{2150E333-8FDC-42A3-9474-1A3956D46DE8}") = "Llm", "Llm", "{DD7B68A7-7082-7F43-535A-207B4CB941F0}"
EndProject
Project("{FAE04EC0-301F-11D3-BF4B-00C04F79EFBC}") = "Narratum.Llm", "Llm\Narratum.Llm.csproj", "{D366F3A9-C998-4B44-B9F4-D3690F25681D}"
EndProject
Project("{2150E333-8FDC-42A3-9474-1A3956D46DE8}") = "Llm.Tests", "Llm.Tests", "{484EFAA7-3D78-770C-37E2-BFA533BD5F08}"
EndProject
Project("{FAE04EC0-301F-11D3-BF4B-00C04F79EFBC}") = "Narratum.Llm.Tests", "Llm.Tests\Narratum.Llm.Tests.csproj", "{F4F637FA-D0C2-42ED-AFFC-7BA5B9250196}"
EndProject
Global
	GlobalSection(SolutionConfigurationPlatforms) = preSolution
		Debug|Any CPU = Debug|Any CPU
		Debug|x64 = Debug|x64
		Debug|x86 = Debug|x86
		Release|Any CPU = Release|Any CPU
		Release|x64 = Release|x64
		Release|x86 = Release|x86
	EndGlobalSection
	GlobalSection(ProjectConfigurationPlatforms) = postSolution
		{FEBCC02B-6C0B-4F96-BF54-BCC7F44F9F0D}.Debug|Any CPU.ActiveCfg = Debug|Any CPU
		{FEBCC02B-6C0B-4F96-BF54-BCC7F44F9F0D}.Debug|Any CPU.Build.0 = Debug|Any CPU
		{FEBCC02B-6C0B-4F96-BF54-BCC7F44F9F0D}.Debug|x64.ActiveCfg = Debug|Any CPU
		{FEBCC02B-6C0B-4F96-BF54-BCC7F44F9F0D}.Debug|x64.Build.0 = Debug|Any CPU
		{FEBCC02B-6C0B-4F96-BF54-BCC7F44F9F0D}.Debug|x86.ActiveCfg = Debug|Any CPU
		{FEBCC02B-6C0B-4F96-BF54-BCC7F44F9F0D}.Debug|x86.Build.0 = Debug|Any CPU
		{FEBCC02B-6C0B-4F96-BF54-BCC7F44F9F0D}.Release|Any CPU.ActiveCfg = Release|Any CPU
		{FEBCC02B-6C0B-4F96-BF54-BCC7F44F9F0D}.Release|Any CPU.Build.0 = Release|Any CPU
		{FEBCC02B-6C0B-4F96-BF54-BCC7F44F9F0D}.Release|x64.ActiveCfg = Release|Any CPU
		{FEBCC02B-6C0B-4F96-BF54-BCC7F44F9F0D}.Release|x64.Build.0 = Release|Any CPU
		{FEBCC02B-6C0B-4F96-BF54-BCC7F44F9F0D}.Release|x86.ActiveCfg = Release|Any CPU
		{FEBCC02B-6C0B-4F96-BF54-BCC7F44F9F0D}.Release|x86.Build.0 = Release|Any CPU
		{24DA5405-5F06-4790-AAA2-8639DD102777}.Debug|Any CPU.ActiveCfg = Debug|Any CPU
		{24DA5405-5F06-4790-AAA2-8639DD102777}.Debug|Any CPU.Build.0 = Debug|Any CPU
		{24DA5405-5F06-4790-AAA2-8639DD102777}.Debug|x64.ActiveCfg = Debug|Any CPU
		{24DA5405-5F06-4790-AAA2-8639DD102777}.Debug|x64.Build.0 = Debug|Any CPU
		{24DA5405-5F06-4790-AAA2-8639DD102777}.Debug|x86.ActiveCfg = Debug|Any CPU
		{24DA5405-5F06-4790-AAA2-8639DD102777}.Debug|x86.Build.0 = Debug|Any CPU
		{24DA5405-5F06-4790-AAA2-8639DD102777}.Release|Any CPU.ActiveCfg = Release|Any CPU
		{24DA5405-5F06-4790-AAA2-8639DD102777}.Release|Any CPU.Build.0 = Release|Any CPU
		{24DA5405-5F06-4790-AAA2-8639DD102777}.Release|x64.ActiveCfg = Release|Any CPU
		{24DA5405-5F06-4790-AAA2-8639DD102777}.Release|x64.Build.0 = Release|Any CPU
		{24DA5405-5F06-4790-AAA2-8639DD102777}.Release|x86.ActiveCfg = Release|Any CPU
		{24DA5405-5F06-4790-AAA2-8639DD102777}.Release|x86.Build.0 = Release|Any CPU
		{13A11E35-F0FD-411F-9241-E595C6EFAA2F}.Debug|Any CPU.ActiveCfg = Debug|Any CPU
		{13A11E35-F0FD-411F-9241-E595C6EFAA2F}.Debug|Any CPU.Build.0 = Debug|Any CPU
		{13A11E35-F0FD-411F-9241-E595C6EFAA2F}.Debug|x64.ActiveCfg = Debug|Any CPU
		{13A11E35-F0FD-411F-9241-E595C6EFAA2F}.Debug|x64.Build.0 = Debug|Any CPU
		{13A11E35-F0FD-411F-9241-E595C6EFAA2F}.Debug|x86.ActiveCfg = Debug|Any CPU
		{13A11E35-F0FD-411F-9241-E595C6EFAA2F}.Debug|x86.Build.0 = Debug|Any CPU
		{13A11E35-F0FD-411F-9241-E595C6EFAA2F}.Release|Any CPU.ActiveCfg = Release|Any CPU
		{13A11E35-F0FD-411F-9241-E595C6EFAA2F}.Release|Any CPU.Build.0 = Release|Any CPU
		{13A11E35-F0FD-411F-9241-E595C6EFAA2F}.Release|x64.ActiveCfg = Release|Any CPU
		{13A11E35-F0FD-411F-9241-E595C6EFAA2F}.Release|x64.Build.0 = Release|Any CPU
		{13A11E35-F0FD-411F-9241-E595C6EFAA2F}.Release|x86.ActiveCfg = Release|Any CPU
		{13A11E35-F0FD-411F-9241-E595C6EFAA2F}.Release|x86.Build.0 = Release|Any CPU
		{C008F5F9-39C7-4E4A-9002-7DBFD1993F11}.Debug|Any CPU.ActiveCfg = Debug|Any CPU
		{C008F5F9-39C7-4E4A-9002-7DBFD1993F11}.Debug|Any CPU.Build.0 = Debug|Any CPU
		{C008F5F9-39C7-4E4A-9002-7DBFD1993F11}.Debug|x64.ActiveCfg = Debug|Any CPU
		{C008F5F9-39C7-4E4A-9002-7DBFD1993F11}.Debug|x64.Build.0 = Debug|Any CPU
		{C008F5F9-39C7-4E4A-9002-7DBFD1993F11}.Debug|x86.ActiveCfg = Debug|Any CPU
		{C008F5F9-39C7-4E4A-9002-7DBFD1993F11}.Debug|x86.Build.0 = Debug|Any CPU
		{C008F5F9-39C7-4E4A-9002-7DBFD1993F11}.Release|Any CPU.ActiveCfg = Release|Any CPU
		{C008F5F9-39C7-4E4A-9002-7DBFD1993F11}.Release|Any CPU.Build.0 = Release|Any CPU
		{C008F5F9-39C7-4E4A-9002-7DBFD1993F11}.Release|x64.ActiveCfg = Release|Any CPU
		{C008F5F9-39C7-4E4A-9002-7DBFD1993F11}.Release|x64.Build.0 = Release|Any CPU
		{C008F5F9-39C7-4E4A-9002-7DBFD1993F11}.Release|x86.ActiveCfg = Release|Any CPU
		{C008F5F9-39C7-4E4A-9002-7DBFD1993F11}.Release|x86.Build.0 = Release|Any CPU
		{2F7EEE3E-502C-4C64-BA4F-FF96742AE2B5}.Debug|Any CPU.ActiveCfg = Debug|Any CPU
		{2F7EEE3E-502C-4C64-BA4F-FF96742AE2B5}.Debug|Any CPU.Build.0 = Debug|Any CPU
		{2F7EEE3E-502C-4C64-BA4F-FF96742AE2B5}.Debug|x64.ActiveCfg = Debug|Any CPU
		{2F7EEE3E-502C-4C64-BA4F-FF96742AE2B5}.Debug|x64.Build.0 = Debug|Any CPU
		{2F7EEE3E-502C-4C64-BA4F-FF96742AE2B5}.Debug|x86.ActiveCfg = Debug|Any CPU
		{2F7EEE3E-502C-4C64-BA4F-FF96742AE2B5}.Debug|x86.Build.0 = Debug|Any CPU
		{2F7EEE3E-502C-4C64-BA4F-FF96742AE2B5}.Release|Any CPU.ActiveCfg = Release|Any CPU
		{2F7EEE3E-502C-4C64-BA4F-FF96742AE2B5}.Release|Any CPU.Build.0 = Release|Any CPU
		{2F7EEE3E-502C-4C64-BA4F-FF96742AE2B5}.Release|x64.ActiveCfg = Release|Any CPU
		{2F7EEE3E-502C-4C64-BA4F-FF96742AE2B5}.Release|x64.Build.0 = Release|Any CPU
		{2F7EEE3E-502C-4C64-BA4F-FF96742AE2B5}.Release|x86.ActiveCfg = Release|Any CPU
		{2F7EEE3E-502C-4C64-BA4F-FF96742AE2B5}.Release|x86.Build.0 = Release|Any CPU
		{09307982-B2E4-4F04-AFE6-E2BF79442A0D}.Debug|Any CPU.ActiveCfg = Debug|Any CPU
		{09307982-B2E4-4F04-AFE6-E2BF79442A0D}.Debug|Any CPU.Build.0 = Debug|Any CPU
		{09307982-B2E4-4F04-AFE6-E2BF79442A0D}.Debug|x64.ActiveCfg = Debug|Any CPU
		{09307982-B2E4-4F04-AFE6-E2BF79442A0D}.Debug|x64.Build.0 = Debug|Any CPU
		{09307982-B2E4-4F04-AFE6-E2BF79442A0D}.Debug|x86.ActiveCfg = Debug|Any CPU
		{09307982-B2E4-4F04-AFE6-E2BF79442A0D}.Debug|x86.Build.0 = Debug|Any CPU
		{09307982-B2E4-4F04-AFE6-E2BF79442A0D}.Release|Any CPU.ActiveCfg = Release|Any CPU
		{09307982-B2E4-4F04-AFE6-E2BF79442A0D}.Release|Any CPU.Build.0 = Release|Any CPU
		{09307982-B2E4-4F04-AFE6-E2BF79442A0D}.Release|x64.ActiveCfg = Release|Any CPU
		{09307982-B2E4-4F04-AFE6-E2BF79442A0D}.Release|x64.Build.0 = Release|Any CPU
		{09307982-B2E4-4F04-AFE6-E2BF79442A0D}.Release|x86.ActiveCfg = Release|Any CPU
		{09307982-B2E4-4F04-AFE6-E2BF79442A0D}.Release|x86.Build.0 = Release|Any CPU
		{9423ED15-17FF-4928-8129-1C2E4D9F2C98}.Debug|Any CPU.ActiveCfg = Debug|Any CPU
		{9423ED15-17FF-4928-8129-1C2E4D9F2C98}.Debug|Any CPU.Build.0 = Debug|Any CPU
		{9423ED15-17FF-4928-8129-1C2E4D9F2C98}.Debug|x64.ActiveCfg = Debug|Any CPU
		{9423ED15-17FF-4928-8129-1C2E4D9F2C98}.Debug|x64.Build.0 = Debug|Any CPU
		{9423ED15-17FF-4928-8129-1C2E4D9F2C98}.Debug|x86.ActiveCfg = Debug|Any CPU
		{9423ED15-17FF-4928-8129-1C2E4D9F2C98}.Debug|x86.Build.0 = Debug|Any CPU
		{9423ED15-17FF-4928-8129-1C2E4D9F2C98}.Release|Any CPU.ActiveCfg = Release|Any CPU
		{9423ED15-17FF-4928-8129-1C2E4D9F2C98}.Release|Any CPU.Build.0 = Release|Any CPU
		{9423ED15-17FF-4928-8129-1C2E4D9F2C98}.Release|x64.ActiveCfg = Release|Any CPU
		{9423ED15-17FF-4928-8129-1C2E4D9F2C98}.Release|x64.Build.0 = Release|Any CPU
		{9423ED15-17FF-4928-8129-1C2E4D9F2C98}.Release|x86.ActiveCfg = Release|Any CPU
		{9423ED15-17FF-4928-8129-1C2E4D9F2C98}.Release|x86.Build.0 = Release|Any CPU
		{A39BF6FD-01DE-48BD-A81C-A5DA9D3917E5}.Debug|Any CPU.ActiveCfg = Debug|Any CPU
		{A39BF6FD-01DE-48BD-A81C-A5DA9D3917E5}.Debug|Any CPU.Build.0 = Debug|Any CPU
		{A39BF6FD-01DE-48BD-A81C-A5DA9D3917E5}.Debug|x64.ActiveCfg = Debug|Any CPU
		{A39BF6FD-01DE-48BD-A81C-A5DA9D3917E5}.Debug|x64.Build.0 = Debug|Any CPU
		{A39BF6FD-01DE-48BD-A81C-A5DA9D3917E5}.Debug|x86.ActiveCfg = Debug|Any CPU
		{A39BF6FD-01DE-48BD-A81C-A5DA9D3917E5}.Debug|x86.Build.0 = Debug|Any CPU
		{A39BF6FD-01DE-48BD-A81C-A5DA9D3917E5}.Release|Any CPU.ActiveCfg = Release|Any CPU
		{A39BF6FD-01DE-48BD-A81C-A5DA9D3917E5}.Release|Any CPU.Build.0 = Release|Any CPU
		{A39BF6FD-01DE-48BD-A81C-A5DA9D3917E5}.Release|x64.ActiveCfg = Release|Any CPU
		{A39BF6FD-01DE-48BD-A81C-A5DA9D3917E5}.Release|x64.Build.0 = Release|Any CPU
		{A39BF6FD-01DE-48BD-A81C-A5DA9D3917E5}.Release|x86.ActiveCfg = Release|Any CPU
		{A39BF6FD-01DE-48BD-A81C-A5DA9D3917E5}.Release|x86.Build.0 = Release|Any CPU
		{31129A12-4212-446C-BD77-9B7963B39FC4}.Debug|Any CPU.ActiveCfg = Debug|Any CPU
		{31129A12-4212-446C-BD77-9B7963B39FC4}.Debug|Any CPU.Build.0 = Debug|Any CPU
		{31129A12-4212-446C-BD77-9B7963B39FC4}.Debug|x64.ActiveCfg = Debug|Any CPU
		{31129A12-4212-446C-BD77-9B7963B39FC4}.Debug|x64.Build.0 = Debug|Any CPU
		{31129A12-4212-446C-BD77-9B7963B39FC4}.Debug|x86.ActiveCfg = Debug|Any CPU
		{31129A12-4212-446C-BD77-9B7963B39FC4}.Debug|x86.Build.0 = Debug|Any CPU
		{31129A12-4212-446C-BD77-9B7963B39FC4}.Release|Any CPU.ActiveCfg = Release|Any CPU
		{31129A12-4212-446C-BD77-9B7963B39FC4}.Release|Any CPU.Build.0 = Release|Any CPU
		{31129A12-4212-446C-BD77-9B7963B39FC4}.Release|x64.ActiveCfg = Release|Any CPU
		{31129A12-4212-446C-BD77-9B7963B39FC4}.Release|x64.Build.0 = Release|Any CPU
		{31129A12-4212-446C-BD77-9B7963B39FC4}.Release|x86.ActiveCfg = Release|Any CPU
		{31129A12-4212-446C-BD77-9B7963B39FC4}.Release|x86.Build.0 = Release|Any CPU
		{FC1596D9-745B-4C8D-953D-58850AF1A553}.Debug|Any CPU.ActiveCfg = Debug|Any CPU
		{FC1596D9-745B-4C8D-953D-58850AF1A553}.Debug|Any CPU.Build.0 = Debug|Any CPU
		{FC1596D9-745B-4C8D-953D-58850AF1A553}.Debug|x64.ActiveCfg = Debug|Any CPU
		{FC1596D9-745B-4C8D-953D-58850AF1A553}.Debug|x64.Build.0 = Debug|Any CPU
		{FC1596D9-745B-4C8D-953D-58850AF1A553}.Debug|x86.ActiveCfg = Debug|Any CPU
		{FC1596D9-745B-4C8D-953D-58850AF1A553}.Debug|x86.Build.0 = Debug|Any CPU
		{FC1596D9-745B-4C8D-953D-58850AF1A553}.Release|Any CPU.ActiveCfg = Release|Any CPU
		{FC1596D9-745B-4C8D-953D-58850AF1A553}.Release|Any CPU.Build.0 = Release|Any CPU
		{FC1596D9-745B-4C8D-953D-58850AF1A553}.Release|x64.ActiveCfg = Release|Any CPU
		{FC1596D9-745B-4C8D-953D-58850AF1A553}.Release|x64.Build.0 = Release|Any CPU
		{FC1596D9-745B-4C8D-953D-58850AF1A553}.Release|x86.ActiveCfg = Release|Any CPU
		{FC1596D9-745B-4C8D-953D-58850AF1A553}.Release|x86.Build.0 = Release|Any CPU
		{3671AAB0-B010-4705-B70D-1AE6B839D641}.Debug|Any CPU.ActiveCfg = Debug|Any CPU
		{3671AAB0-B010-4705-B70D-1AE6B839D641}.Debug|Any CPU.Build.0 = Debug|Any CPU
		{3671AAB0-B010-4705-B70D-1AE6B839D641}.Debug|x64.ActiveCfg = Debug|Any CPU
		{3671AAB0-B010-4705-B70D-1AE6B839D641}.Debug|x64.Build.0 = Debug|Any CPU
		{3671AAB0-B010-4705-B70D-1AE6B839D641}.Debug|x86.ActiveCfg = Debug|Any CPU
		{3671AAB0-B010-4705-B70D-1AE6B839D641}.Debug|x86.Build.0 = Debug|Any CPU
		{3671AAB0-B010-4705-B70D-1AE6B839D641}.Release|Any CPU.ActiveCfg = Release|Any CPU
		{3671AAB0-B010-4705-B70D-1AE6B839D641}.Release|Any CPU.Build.0 = Release|Any CPU
		{3671AAB0-B010-4705-B70D-1AE6B839D641}.Release|x64.ActiveCfg = Release|Any CPU
		{3671AAB0-B010-4705-B70D-1AE6B839D641}.Release|x64.Build.0 = Release|Any CPU
		{3671AAB0-B010-4705-B70D-1AE6B839D641}.Release|x86.ActiveCfg = Release|Any CPU
		{3671AAB0-B010-4705-B70D-1AE6B839D641}.Release|x86.Build.0 = Release|Any CPU
		{D366F3A9-C998-4B44-B9F4-D3690F25681D}.Debug|Any CPU.ActiveCfg = Debug|Any CPU
		{D366F3A9-C998-4B44-B9F4-D3690F25681D}.Debug|Any CPU.Build.0 = Debug|Any CPU
		{D366F3A9-C998-4B44-B9F4-D3690F25681D}.Debug|x64.ActiveCfg = Debug|Any CPU
		{D366F3A9-C998-4B44-B9F4-D3690F25681D}.Debug|x64.Build.0 = Debug|Any CPU
		{D366F3A9-C998-4B44-B9F4-D3690F25681D}.Debug|x86.ActiveCfg = Debug|Any CPU
		{D366F3A9-C998-4B44-B9F4-D3690F25681D}.Debug|x86.Build.0 = Debug|Any CPU
		{D366F3A9-C998-4B44-B9F4-D3690F25681D}.Release|Any CPU.ActiveCfg = Release|Any CPU
		{D366F3A9-C998-4B44-B9F4-D3690F25681D}.Release|Any CPU.Build.0 = Release|Any CPU
		{D366F3A9-C998-4B44-B9F4-D3690F25681D}.Release|x64.ActiveCfg = Release|Any CPU
		{D366F3A9-C998-4B44-B9F4-D3690F25681D}.Release|x64.Build.0 = Release|Any CPU
		{D366F3A9-C998-4B44-B9F4-D3690F25681D}.Release|x86.ActiveCfg = Release|Any CPU
		{D366F3A9-C998-4B44-B9F4-D3690F25681D}.Release|x86.Build.0 = Release|Any CPU
		{F4F637FA-D0C2-42ED-AFFC-7BA5B9250196}.Debug|Any CPU.ActiveCfg = Debug|Any CPU
		{F4F637FA-D0C2-42ED-AFFC-7BA5B9250196}.Debug|Any CPU.Build.0 = Debug|Any CPU
		{F4F637FA-D0C2-42ED-AFFC-7BA5B9250196}.Debug|x64.ActiveCfg = Debug|Any CPU
		{F4F637FA-D0C2-42ED-AFFC-7BA5B9250196}.Debug|x64.Build.0 = Debug|Any CPU
		{F4F637FA-D0C2-42ED-AFFC-7BA5B9250196}.Debug|x86.ActiveCfg = Debug|Any CPU
		{F4F637FA-D0C2-42ED-AFFC-7BA5B9250196}.Debug|x86.Build.0 = Debug|Any CPU
		{F4F637FA-D0C2-42ED-AFFC-7BA5B9250196}.Release|Any CPU.ActiveCfg = Release|Any CPU
		{F4F637FA-D0C2-42ED-AFFC-7BA5B9250196}.Release|Any CPU.Build.0 = Release|Any CPU
		{F4F637FA-D0C2-42ED-AFFC-7BA5B9250196}.Release|x64.ActiveCfg = Release|Any CPU
		{F4F637FA-D0C2-42ED-AFFC-7BA5B9250196}.Release|x64.Build.0 = Release|Any CPU
		{F4F637FA-D0C2-42ED-AFFC-7BA5B9250196}.Release|x86.ActiveCfg = Release|Any CPU
		{F4F637FA-D0C2-42ED-AFFC-7BA5B9250196}.Release|x86.Build.0 = Release|Any CPU
	EndGlobalSection
	GlobalSection(SolutionProperties) = preSolution
		HideSolutionNode = FALSE
	EndGlobalSection
	GlobalSection(NestedProjects) = preSolution
		{FEBCC02B-6C0B-4F96-BF54-BCC7F44F9F0D} = {FBF56CC3-7AE6-AD2D-3F14-7F97FD322CD6}
		{24DA5405-5F06-4790-AAA2-8639DD102777} = {996CEBED-A05B-5D42-3FF0-982E087A2599}
		{13A11E35-F0FD-411F-9241-E595C6EFAA2F} = {4886F8F7-7CDF-CB2A-F4D2-6F124659D923}
		{C008F5F9-39C7-4E4A-9002-7DBFD1993F11} = {8966EFF1-A2EF-89BB-168D-3BE157AAD68F}
		{2F7EEE3E-502C-4C64-BA4F-FF96742AE2B5} = {36E7FC26-247D-07CC-9F36-7068B8A9EA44}
		{09307982-B2E4-4F04-AFE6-E2BF79442A0D} = {31D0B0DA-3F70-8AAB-D4B2-B98572D1139C}
		{9423ED15-17FF-4928-8129-1C2E4D9F2C98} = {0AB3BF05-4346-4AA6-1389-037BE0695223}
		{A39BF6FD-01DE-48BD-A81C-A5DA9D3917E5} = {6769D8A8-7DDF-9F1A-6194-7060CBC2FEA6}
		{31129A12-4212-446C-BD77-9B7963B39FC4} = {92C4EF00-8FDD-7B42-E83A-F71F31DB99BA}
		{FC1596D9-745B-4C8D-953D-58850AF1A553} = {0A36F2B0-F7C1-00C5-574F-C583FCFFE7D0}
		{D366F3A9-C998-4B44-B9F4-D3690F25681D} = {DD7B68A7-7082-7F43-535A-207B4CB941F0}
		{F4F637FA-D0C2-42ED-AFFC-7BA5B9250196} = {484EFAA7-3D78-770C-37E2-BFA533BD5F08}
	EndGlobalSection
EndGlobal
